
Microsoft Visual Studio Solution File, Format Version 12.00
# Visual Studio Version 16
VisualStudioVersion = 16.0.28922.388
MinimumVisualStudioVersion = 10.0.40219.1
Project("{FAE04EC0-301F-11D3-BF4B-00C04F79EFBC}") = "MyInstaller", "MyInstaller\MyInstaller.csproj", "{565AD3E1-3A8C-4B37-B6BD-C59C50EFD92E}"
EndProject
Project("{FAE04EC0-301F-11D3-BF4B-00C04F79EFBC}") = "AdvInstaller", "AdvInstaller\AdvInstaller.csproj", "{48349DBE-715D-4C8F-A127-A84DAF1BFD8D}"
EndProject
Global
	GlobalSection(SolutionConfigurationPlatforms) = preSolution
		Debug|Any CPU = Debug|Any CPU
		Release|Any CPU = Release|Any CPU
	EndGlobalSection
	GlobalSection(ProjectConfigurationPlatforms) = postSolution
		{565AD3E1-3A8C-4B37-B6BD-C59C50EFD92E}.Debug|Any CPU.ActiveCfg = Debug|Any CPU
		{565AD3E1-3A8C-4B37-B6BD-C59C50EFD92E}.Debug|Any CPU.Build.0 = Debug|Any CPU
		{565AD3E1-3A8C-4B37-B6BD-C59C50EFD92E}.Release|Any CPU.ActiveCfg = Release|Any CPU
		{565AD3E1-3A8C-4B37-B6BD-C59C50EFD92E}.Release|Any CPU.Build.0 = Release|Any CPU
		{48349DBE-715D-4C8F-A127-A84DAF1BFD8D}.Debug|Any CPU.ActiveCfg = Debug|Any CPU
		{48349DBE-715D-4C8F-A127-A84DAF1BFD8D}.Debug|Any CPU.Build.0 = Debug|Any CPU
		{48349DBE-715D-4C8F-A127-A84DAF1BFD8D}.Release|Any CPU.ActiveCfg = Release|Any CPU
		{48349DBE-715D-4C8F-A127-A84DAF1BFD8D}.Release|Any CPU.Build.0 = Release|Any CPU
	EndGlobalSection
	GlobalSection(SolutionProperties) = preSolution
		HideSolutionNode = FALSE
	EndGlobalSection
	GlobalSection(ExtensibilityGlobals) = postSolution
		SolutionGuid = {80CDDC84-3BA7-44CD-AF01-FBE4F7BB5AAE}
	EndGlobalSection
EndGlobal
